// !$*UTF8*$!
{
	archiveVersion = 1;
	classes = {
	};
	objectVersion = 46;
	objects = {

/* Begin PBXBuildFile section */
		4E2BAFD71CEC5A5D00A92F67 /* AppDelegate.swift in Sources */ = {isa = PBXBuildFile; fileRef = 4E2BAFD61CEC5A5D00A92F67 /* AppDelegate.swift */; };
		4E2BAFD91CEC5A5D00A92F67 /* ViewController.swift in Sources */ = {isa = PBXBuildFile; fileRef = 4E2BAFD81CEC5A5D00A92F67 /* ViewController.swift */; };
		4E2BAFDC1CEC5A5D00A92F67 /* Main.storyboard in Resources */ = {isa = PBXBuildFile; fileRef = 4E2BAFDA1CEC5A5D00A92F67 /* Main.storyboard */; };
		4E2BAFDE1CEC5A5D00A92F67 /* Assets.xcassets in Resources */ = {isa = PBXBuildFile; fileRef = 4E2BAFDD1CEC5A5D00A92F67 /* Assets.xcassets */; };
		4E2BAFE11CEC5A5D00A92F67 /* LaunchScreen.storyboard in Resources */ = {isa = PBXBuildFile; fileRef = 4E2BAFDF1CEC5A5D00A92F67 /* LaunchScreen.storyboard */; };
		4E7C7E841CED4B0300BCDC7E /* SecondViewController.swift in Sources */ = {isa = PBXBuildFile; fileRef = 4E7C7E831CED4B0300BCDC7E /* SecondViewController.swift */; };
		4E7C7E861CED4B4A00BCDC7E /* ThirdViewController.swift in Sources */ = {isa = PBXBuildFile; fileRef = 4E7C7E851CED4B4A00BCDC7E /* ThirdViewController.swift */; };
/* End PBXBuildFile section */

/* Begin PBXFileReference section */
		4E2BAFD31CEC5A5D00A92F67 /* PushTest.app */ = {isa = PBXFileReference; explicitFileType = wrapper.application; includeInIndex = 0; path = PushTest.app; sourceTree = BUILT_PRODUCTS_DIR; };
		4E2BAFD61CEC5A5D00A92F67 /* AppDelegate.swift */ = {isa = PBXFileReference; lastKnownFileType = sourcecode.swift; path = AppDelegate.swift; sourceTree = "<group>"; };
		4E2BAFD81CEC5A5D00A92F67 /* ViewController.swift */ = {isa = PBXFileReference; lastKnownFileType = sourcecode.swift; path = ViewController.swift; sourceTree = "<group>"; };
		4E2BAFDB1CEC5A5D00A92F67 /* Base */ = {isa = PBXFileReference; lastKnownFileType = file.storyboard; name = Base; path = Base.lproj/Main.storyboard; sourceTree = "<group>"; };
		4E2BAFDD1CEC5A5D00A92F67 /* Assets.xcassets */ = {isa = PBXFileReference; lastKnownFileType = folder.assetcatalog; path = Assets.xcassets; sourceTree = "<group>"; };
		4E2BAFE01CEC5A5D00A92F67 /* Base */ = {isa = PBXFileReference; lastKnownFileType = file.storyboard; name = Base; path = Base.lproj/LaunchScreen.storyboard; sourceTree = "<group>"; };
		4E2BAFE21CEC5A5D00A92F67 /* Info.plist */ = {isa = PBXFileReference; lastKnownFileType = text.plist.xml; path = Info.plist; sourceTree = "<group>"; };
		4E7C7E831CED4B0300BCDC7E /* SecondViewController.swift */ = {isa = PBXFileReference; fileEncoding = 4; lastKnownFileType = sourcecode.swift; path = SecondViewController.swift; sourceTree = "<group>"; };
		4E7C7E851CED4B4A00BCDC7E /* ThirdViewController.swift */ = {isa = PBXFileReference; fileEncoding = 4; lastKnownFileType = sourcecode.swift; path = ThirdViewController.swift; sourceTree = "<group>"; };
/* End PBXFileReference section */

/* Begin PBXFrameworksBuildPhase section */
		4E2BAFD01CEC5A5D00A92F67 /* Frameworks */ = {
			isa = PBXFrameworksBuildPhase;
			buildActionMask = 2147483647;
			files = (
			);
			runOnlyForDeploymentPostprocessing = 0;
		};
/* End PBXFrameworksBuildPhase section */

/* Begin PBXGroup section */
		4E2BAFCA1CEC5A5D00A92F67 = {
			isa = PBXGroup;
			children = (
				4E2BAFD51CEC5A5D00A92F67 /* PushTest */,
				4E2BAFD41CEC5A5D00A92F67 /* Products */,
			);
			sourceTree = "<group>";
		};
		4E2BAFD41CEC5A5D00A92F67 /* Products */ = {
			isa = PBXGroup;
			children = (
				4E2BAFD31CEC5A5D00A92F67 /* PushTest.app */,
			);
			name = Products;
			sourceTree = "<group>";
		};
		4E2BAFD51CEC5A5D00A92F67 /* PushTest */ = {
			isa = PBXGroup;
			children = (
				4E2BAFD61CEC5A5D00A92F67 /* AppDelegate.swift */,
				4E2BAFDD1CEC5A5D00A92F67 /* Assets.xcassets */,
				4E2BAFDF1CEC5A5D00A92F67 /* LaunchScreen.storyboard */,
				4E2BAFE21CEC5A5D00A92F67 /* Info.plist */,
				4E2BAFDA1CEC5A5D00A92F67 /* Main.storyboard */,
				4E2BAFD81CEC5A5D00A92F67 /* ViewController.swift */,
				4E7C7E831CED4B0300BCDC7E /* SecondViewController.swift */,
				4E7C7E851CED4B4A00BCDC7E /* ThirdViewController.swift */,
			);
			path = PushTest;
			sourceTree = "<group>";
		};
/* End PBXGroup section */

/* Begin PBXNativeTarget section */
		4E2BAFD21CEC5A5D00A92F67 /* PushTest */ = {
			isa = PBXNativeTarget;
			buildConfigurationList = 4E2BAFE51CEC5A5D00A92F67 /* Build configuration list for PBXNativeTarget "PushTest" */;
			buildPhases = (
				4E2BAFCF1CEC5A5D00A92F67 /* Sources */,
				4E2BAFD01CEC5A5D00A92F67 /* Frameworks */,
				4E2BAFD11CEC5A5D00A92F67 /* Resources */,
			);
			buildRules = (
			);
			dependencies = (
			);
			name = PushTest;
			productName = PushTest;
			productReference = 4E2BAFD31CEC5A5D00A92F67 /* PushTest.app */;
			productType = "com.apple.product-type.application";
		};
/* End PBXNativeTarget section */

/* Begin PBXProject section */
		4E2BAFCB1CEC5A5D00A92F67 /* Project object */ = {
			isa = PBXProject;
			attributes = {
				LastSwiftUpdateCheck = 0730;
				LastUpgradeCheck = 0730;
				ORGANIZATIONNAME = KimHyoung;
				TargetAttributes = {
					4E2BAFD21CEC5A5D00A92F67 = {
						CreatedOnToolsVersion = 7.3.1;
					};
				};
			};
			buildConfigurationList = 4E2BAFCE1CEC5A5D00A92F67 /* Build configuration list for PBXProject "PushTest" */;
			compatibilityVersion = "Xcode 3.2";
			developmentRegion = English;
			hasScannedForEncodings = 0;
			knownRegions = (
				en,
				Base,
			);
			mainGroup = 4E2BAFCA1CEC5A5D00A92F67;
			productRefGroup = 4E2BAFD41CEC5A5D00A92F67 /* Products */;
			projectDirPath = "";
			projectRoot = "";
			targets = (
				4E2BAFD21CEC5A5D00A92F67 /* PushTest */,
			);
		};
/* End PBXProject section */

/* Begin PBXResourcesBuildPhase section */
		4E2BAFD11CEC5A5D00A92F67 /* Resources */ = {
			isa = PBXResourcesBuildPhase;
			buildActionMask = 2147483647;
			files = (
				4E2BAFE11CEC5A5D00A92F67 /* LaunchScreen.storyboard in Resources */,
				4E2BAFDE1CEC5A5D00A92F67 /* Assets.xcassets in Resources */,
				4E2BAFDC1CEC5A5D00A92F67 /* Main.storyboard in Resources */,
			);
			runOnlyForDeploymentPostprocessing = 0;
		};
/* End PBXResourcesBuildPhase section */

/* Begin PBXSourcesBuildPhase section */
		4E2BAFCF1CEC5A5D00A92F67 /* Sources */ = {
			isa = PBXSourcesBuildPhase;
			buildActionMask = 2147483647;
			files = (
				4E7C7E841CED4B0300BCDC7E /* SecondViewController.swift in Sources */,
				4E2BAFD91CEC5A5D00A92F67 /* ViewController.swift in Sources */,
				4E7C7E861CED4B4A00BCDC7E /* ThirdViewController.swift in Sources */,
				4E2BAFD71CEC5A5D00A92F67 /* AppDelegate.swift in Sources */,
			);
			runOnlyForDeploymentPostprocessing = 0;
		};
/* End PBXSourcesBuildPhase section */

/* Begin PBXVariantGroup section */
		4E2BAFDA1CEC5A5D00A92F67 /* Main.storyboard */ = {
			isa = PBXVariantGroup;
			children = (
				4E2BAFDB1CEC5A5D00A92F67 /* Base */,
			);
			name = Main.storyboard;
			sourceTree = "<group>";
		};
		4E2BAFDF1CEC5A5D00A92F67 /* LaunchScreen.storyboard */ = {
			isa = PBXVariantGroup;
			children = (
				4E2BAFE01CEC5A5D00A92F67 /* Base */,
			);
			name = LaunchScreen.storyboard;
			sourceTree = "<group>";
		};
/* End PBXVariantGroup section */

/* Begin XCBuildConfiguration section */
		4E2BAFE31CEC5A5D00A92F67 /* Debug */ = {
			isa = XCBuildConfiguration;
			buildSettings = {
				ALWAYS_SEARCH_USER_PATHS = NO;
				CLANG_ANALYZER_NONNULL = YES;
				CLANG_CXX_LANGUAGE_STANDARD = "gnu++0x";
				CLANG_CXX_LIBRARY = "libc++";
				CLANG_ENABLE_MODULES = YES;
				CLANG_ENABLE_OBJC_ARC = YES;
				CLANG_WARN_BOOL_CONVERSION = YES;
				CLANG_WARN_CONSTANT_CONVERSION = YES;
				CLANG_WARN_DIRECT_OBJC_ISA_USAGE = YES_ERROR;
				CLANG_WARN_EMPTY_BODY = YES;
				CLANG_WARN_ENUM_CONVERSION = YES;
				CLANG_WARN_INT_CONVERSION = YES;
				CLANG_WARN_OBJC_ROOT_CLASS = YES_ERROR;
				CLANG_WARN_UNREACHABLE_CODE = YES;
				CLANG_WARN__DUPLICATE_METHOD_MATCH = YES;
				"CODE_SIGN_IDENTITY[sdk=iphoneos*]" = "iPhone Developer";
				COPY_PHASE_STRIP = NO;
				DEBUG_INFORMATION_FORMAT = dwarf;
				ENABLE_STRICT_OBJC_MSGSEND = YES;
				ENABLE_TESTABILITY = YES;
				GCC_C_LANGUAGE_STANDARD = gnu99;
				GCC_DYNAMIC_NO_PIC = NO;
				GCC_NO_COMMON_BLOCKS = YES;
				GCC_OPTIMIZATION_LEVEL = 0;
				GCC_PREPROCESSOR_DEFINITIONS = (
					"DEBUG=1",
					"$(inherited)",
				);
				GCC_WARN_64_TO_32_BIT_CONVERSION = YES;
				GCC_WARN_ABOUT_RETURN_TYPE = YES_ERROR;
				GCC_WARN_UNDECLARED_SELECTOR = YES;
				GCC_WARN_UNINITIALIZED_AUTOS = YES_AGGRESSIVE;
				GCC_WARN_UNUSED_FUNCTION = YES;
				GCC_WARN_UNUSED_VARIABLE = YES;
				IPHONEOS_DEPLOYMENT_TARGET = 9.3;
				MTL_ENABLE_DEBUG_INFO = YES;
				ONLY_ACTIVE_ARCH = YES;
				SDKROOT = iphoneos;
				SWIFT_OPTIMIZATION_LEVEL = "-Onone";
			};
			name = Debug;
		};
		4E2BAFE41CEC5A5D00A92F67 /* Release */ = {
			isa = XCBuildConfiguration;
			buildSettings = {
				ALWAYS_SEARCH_USER_PATHS = NO;
				CLANG_ANALYZER_NONNULL = YES;
				CLANG_CXX_LANGUAGE_STANDARD = "gnu++0x";
				CLANG_CXX_LIBRARY = "libc++";
				CLANG_ENABLE_MODULES = YES;
				CLANG_ENABLE_OBJC_ARC = YES;
				CLANG_WARN_BOOL_CONVERSION = YES;
				CLANG_WARN_CONSTANT_CONVERSION = YES;
				CLANG_WARN_DIRECT_OBJC_ISA_USAGE = YES_ERROR;
				CLANG_WARN_EMPTY_BODY = YES;
				CLANG_WARN_ENUM_CONVERSION = YES;
				CLANG_WARN_INT_CONVERSION = YES;
				CLANG_WARN_OBJC_ROOT_CLASS = YES_ERROR;
				CLANG_WARN_UNREACHABLE_CODE = YES;
				CLANG_WARN__DUPLICATE_METHOD_MATCH = YES;
				"CODE_SIGN_IDENTITY[sdk=iphoneos*]" = "iPhone Developer";
				COPY_PHASE_STRIP = NO;
				DEBUG_INFORMATION_FORMAT = "dwarf-with-dsym";
				ENABLE_NS_ASSERTIONS = NO;
				ENABLE_STRICT_OBJC_MSGSEND = YES;
				GCC_C_LANGUAGE_STANDARD = gnu99;
				GCC_NO_COMMON_BLOCKS = YES;
				GCC_WARN_64_TO_32_BIT_CONVERSION = YES;
				GCC_WARN_ABOUT_RETURN_TYPE = YES_ERROR;
				GCC_WARN_UNDECLARED_SELECTOR = YES;
				GCC_WARN_UNINITIALIZED_AUTOS = YES_AGGRESSIVE;
				GCC_WARN_UNUSED_FUNCTION = YES;
				GCC_WARN_UNUSED_VARIABLE = YES;
				IPHONEOS_DEPLOYMENT_TARGET = 9.3;
				MTL_ENABLE_DEBUG_INFO = NO;
				SDKROOT = iphoneos;
				VALIDATE_PRODUCT = YES;
			};
			name = Release;
		};
		4E2BAFE61CEC5A5D00A92F67 /* Debug */ = {
			isa = XCBuildConfiguration;
			buildSettings = {
				ASSETCATALOG_COMPILER_APPICON_NAME = AppIcon;
				INFOPLIST_FILE = PushTest/Info.plist;
				LD_RUNPATH_SEARCH_PATHS = "$(inherited) @executable_path/Frameworks";
				PRODUCT_BUNDLE_IDENTIFIER = com.test.PushTest;
				PRODUCT_NAME = "$(TARGET_NAME)";
			};
			name = Debug;
		};
		4E2BAFE71CEC5A5D00A92F67 /* Release */ = {
			isa = XCBuildConfiguration;
			buildSettings = {
				ASSETCATALOG_COMPILER_APPICON_NAME = AppIcon;
				INFOPLIST_FILE = PushTest/Info.plist;
				LD_RUNPATH_SEARCH_PATHS = "$(inherited) @executable_path/Frameworks";
				PRODUCT_BUNDLE_IDENTIFIER = com.test.PushTest;
				PRODUCT_NAME = "$(TARGET_NAME)";
			};
			name = Release;
		};
/* End XCBuildConfiguration section */

/* Begin XCConfigurationList section */
		4E2BAFCE1CEC5A5D00A92F67 /* Build configuration list for PBXProject "PushTest" */ = {
			isa = XCConfigurationList;
			buildConfigurations = (
				4E2BAFE31CEC5A5D00A92F67 /* Debug */,
				4E2BAFE41CEC5A5D00A92F67 /* Release */,
			);
			defaultConfigurationIsVisible = 0;
			defaultConfigurationName = Release;
		};
		4E2BAFE51CEC5A5D00A92F67 /* Build configuration list for PBXNativeTarget "PushTest" */ = {
			isa = XCConfigurationList;
			buildConfigurations = (
				4E2BAFE61CEC5A5D00A92F67 /* Debug */,
				4E2BAFE71CEC5A5D00A92F67 /* Release */,
			);
			defaultConfigurationIsVisible = 0;
			defaultConfigurationName = Release;
		};
/* End XCConfigurationList section */
	};
	rootObject = 4E2BAFCB1CEC5A5D00A92F67 /* Project object */;
}
